
Microsoft Visual Studio Solution File, Format Version 12.00
# Visual Studio Version 16
VisualStudioVersion = 16.0.30621.155
MinimumVisualStudioVersion = 10.0.40219.1
Project("{8BC9CEB8-8B4A-11D0-8D11-00A0C91BC942}") = "MP5", "MP5\MP5.vcxproj", "{888223BF-45E1-47AB-AC98-44576ABA4F9C}"
EndProject
Global
	GlobalSection(SolutionConfigurationPlatforms) = preSolution
		Debug|x64 = Debug|x64
		Debug|x86 = Debug|x86
		Release|x64 = Release|x64
		Release|x86 = Release|x86
	EndGlobalSection
	GlobalSection(ProjectConfigurationPlatforms) = postSolution
		{888223BF-45E1-47AB-AC98-44576ABA4F9C}.Debug|x64.ActiveCfg = Debug|x64
		{888223BF-45E1-47AB-AC98-44576ABA4F9C}.Debug|x64.Build.0 = Debug|x64
		{888223BF-45E1-47AB-AC98-44576ABA4F9C}.Debug|x86.ActiveCfg = Debug|Win32
		{888223BF-45E1-47AB-AC98-44576ABA4F9C}.Debug|x86.Build.0 = Debug|Win32
		{888223BF-45E1-47AB-AC98-44576ABA4F9C}.Release|x64.ActiveCfg = Release|x64
		{888223BF-45E1-47AB-AC98-44576ABA4F9C}.Release|x64.Build.0 = Release|x64
		{888223BF-45E1-47AB-AC98-44576ABA4F9C}.Release|x86.ActiveCfg = Release|Win32
		{888223BF-45E1-47AB-AC98-44576ABA4F9C}.Release|x86.Build.0 = Release|Win32
	EndGlobalSection
	GlobalSection(SolutionProperties) = preSolution
		HideSolutionNode = FALSE
	EndGlobalSection
	GlobalSection(ExtensibilityGlobals) = postSolution
		SolutionGuid = {EFE299BE-A186-48AC-A2B3-2FDC3A4AFCF2}
	EndGlobalSection
EndGlobal
